
Microsoft Visual Studio Solution File, Format Version 12.00
# Visual Studio Version 17
VisualStudioVersion = 17.2.32602.215
MinimumVisualStudioVersion = 10.0.40219.1
Project("{9A19103F-16F7-4668-BE54-9A1E7A4F7556}") = "PashaLifeProject", "PashaLifeProject\PashaLifeProject.csproj", "{ED3BED94-18D2-4D47-9882-AE898497E520}"
EndProject
Project("{9A19103F-16F7-4668-BE54-9A1E7A4F7556}") = "PashaLifeStockProject", "PashaLifeStockProject\PashaLifeStockProject.csproj", "{88CD6455-DAD9-4462-B20F-FEC08B2B8CC2}"
EndProject
Project("{FAE04EC0-301F-11D3-BF4B-00C04F79EFBC}") = "PashaLifeTest", "PashaLifeTest\PashaLifeTest.csproj", "{4535A1B5-85FD-442A-A935-555ACFBF74EF}"
EndProject
Global
	GlobalSection(SolutionConfigurationPlatforms) = preSolution
		Debug|Any CPU = Debug|Any CPU
		Release|Any CPU = Release|Any CPU
	EndGlobalSection
	GlobalSection(ProjectConfigurationPlatforms) = postSolution
		{ED3BED94-18D2-4D47-9882-AE898497E520}.Debug|Any CPU.ActiveCfg = Debug|Any CPU
		{ED3BED94-18D2-4D47-9882-AE898497E520}.Debug|Any CPU.Build.0 = Debug|Any CPU
		{ED3BED94-18D2-4D47-9882-AE898497E520}.Release|Any CPU.ActiveCfg = Release|Any CPU
		{ED3BED94-18D2-4D47-9882-AE898497E520}.Release|Any CPU.Build.0 = Release|Any CPU
		{88CD6455-DAD9-4462-B20F-FEC08B2B8CC2}.Debug|Any CPU.ActiveCfg = Debug|Any CPU
		{88CD6455-DAD9-4462-B20F-FEC08B2B8CC2}.Debug|Any CPU.Build.0 = Debug|Any CPU
		{88CD6455-DAD9-4462-B20F-FEC08B2B8CC2}.Release|Any CPU.ActiveCfg = Release|Any CPU
		{88CD6455-DAD9-4462-B20F-FEC08B2B8CC2}.Release|Any CPU.Build.0 = Release|Any CPU
		{4535A1B5-85FD-442A-A935-555ACFBF74EF}.Debug|Any CPU.ActiveCfg = Debug|Any CPU
		{4535A1B5-85FD-442A-A935-555ACFBF74EF}.Debug|Any CPU.Build.0 = Debug|Any CPU
		{4535A1B5-85FD-442A-A935-555ACFBF74EF}.Release|Any CPU.ActiveCfg = Release|Any CPU
		{4535A1B5-85FD-442A-A935-555ACFBF74EF}.Release|Any CPU.Build.0 = Release|Any CPU
	EndGlobalSection
	GlobalSection(SolutionProperties) = preSolution
		HideSolutionNode = FALSE
	EndGlobalSection
	GlobalSection(ExtensibilityGlobals) = postSolution
		SolutionGuid = {F08B9B75-4A67-4442-B706-A739AADA1038}
	EndGlobalSection
EndGlobal
